// !$*UTF8*$!
{
	archiveVersion = 1;
	classes = {
	};
	objectVersion = 56;
	objects = {

/* Begin PBXBuildFile section */
		422049E4291093DA00FED073 /* ImageViewer.swift in Sources */ = {isa = PBXBuildFile; fileRef = 422049E3291093DA00FED073 /* ImageViewer.swift */; };
		422049E62911002A00FED073 /* ImageMenuView.swift in Sources */ = {isa = PBXBuildFile; fileRef = 422049E52911002A00FED073 /* ImageMenuView.swift */; };
		4236AAD62911CC6E0095C97A /* MainMenuImageView.swift in Sources */ = {isa = PBXBuildFile; fileRef = 4236AAD52911CC6E0095C97A /* MainMenuImageView.swift */; };
		42591806291053740078DE88 /* PeonyApp.swift in Sources */ = {isa = PBXBuildFile; fileRef = 42591805291053740078DE88 /* PeonyApp.swift */; };
		42591808291053740078DE88 /* ContentView.swift in Sources */ = {isa = PBXBuildFile; fileRef = 42591807291053740078DE88 /* ContentView.swift */; };
		4259180A291053780078DE88 /* Assets.xcassets in Resources */ = {isa = PBXBuildFile; fileRef = 42591809291053780078DE88 /* Assets.xcassets */; };
		4259180D291053780078DE88 /* Preview Assets.xcassets in Resources */ = {isa = PBXBuildFile; fileRef = 4259180C291053780078DE88 /* Preview Assets.xcassets */; };
		4259181A291055030078DE88 /* ImageView.swift in Sources */ = {isa = PBXBuildFile; fileRef = 42591819291055030078DE88 /* ImageView.swift */; };
		4259181C291056970078DE88 /* SettingsView.swift in Sources */ = {isa = PBXBuildFile; fileRef = 4259181B291056970078DE88 /* SettingsView.swift */; };
		4259181E2910577C0078DE88 /* SelectionView.swift in Sources */ = {isa = PBXBuildFile; fileRef = 4259181D2910577C0078DE88 /* SelectionView.swift */; };
		425918212910700D0078DE88 /* SDWebImageSwiftUI in Frameworks */ = {isa = PBXBuildFile; productRef = 425918202910700D0078DE88 /* SDWebImageSwiftUI */; };
/* End PBXBuildFile section */

/* Begin PBXFileReference section */
		422049E3291093DA00FED073 /* ImageViewer.swift */ = {isa = PBXFileReference; lastKnownFileType = sourcecode.swift; path = ImageViewer.swift; sourceTree = "<group>"; };
		422049E52911002A00FED073 /* ImageMenuView.swift */ = {isa = PBXFileReference; lastKnownFileType = sourcecode.swift; path = ImageMenuView.swift; sourceTree = "<group>"; };
		4236AAD52911CC6E0095C97A /* MainMenuImageView.swift */ = {isa = PBXFileReference; lastKnownFileType = sourcecode.swift; path = MainMenuImageView.swift; sourceTree = "<group>"; };
		42591802291053740078DE88 /* Peony.app */ = {isa = PBXFileReference; explicitFileType = wrapper.application; includeInIndex = 0; path = Peony.app; sourceTree = BUILT_PRODUCTS_DIR; };
		42591805291053740078DE88 /* PeonyApp.swift */ = {isa = PBXFileReference; lastKnownFileType = sourcecode.swift; path = PeonyApp.swift; sourceTree = "<group>"; };
		42591807291053740078DE88 /* ContentView.swift */ = {isa = PBXFileReference; lastKnownFileType = sourcecode.swift; path = ContentView.swift; sourceTree = "<group>"; };
		42591809291053780078DE88 /* Assets.xcassets */ = {isa = PBXFileReference; lastKnownFileType = folder.assetcatalog; path = Assets.xcassets; sourceTree = "<group>"; };
		4259180C291053780078DE88 /* Preview Assets.xcassets */ = {isa = PBXFileReference; lastKnownFileType = folder.assetcatalog; path = "Preview Assets.xcassets"; sourceTree = "<group>"; };
		42591819291055030078DE88 /* ImageView.swift */ = {isa = PBXFileReference; lastKnownFileType = sourcecode.swift; path = ImageView.swift; sourceTree = "<group>"; };
		4259181B291056970078DE88 /* SettingsView.swift */ = {isa = PBXFileReference; lastKnownFileType = sourcecode.swift; path = SettingsView.swift; sourceTree = "<group>"; };
		4259181D2910577C0078DE88 /* SelectionView.swift */ = {isa = PBXFileReference; lastKnownFileType = sourcecode.swift; path = SelectionView.swift; sourceTree = "<group>"; };
/* End PBXFileReference section */

/* Begin PBXFrameworksBuildPhase section */
		425917FF291053740078DE88 /* Frameworks */ = {
			isa = PBXFrameworksBuildPhase;
			buildActionMask = 2147483647;
			files = (
				425918212910700D0078DE88 /* SDWebImageSwiftUI in Frameworks */,
			);
			runOnlyForDeploymentPostprocessing = 0;
		};
/* End PBXFrameworksBuildPhase section */

/* Begin PBXGroup section */
		425917F9291053740078DE88 = {
			isa = PBXGroup;
			children = (
				42591804291053740078DE88 /* Peony */,
				42591803291053740078DE88 /* Products */,
			);
			sourceTree = "<group>";
		};
		42591803291053740078DE88 /* Products */ = {
			isa = PBXGroup;
			children = (
				42591802291053740078DE88 /* Peony.app */,
			);
			name = Products;
			sourceTree = "<group>";
		};
		42591804291053740078DE88 /* Peony */ = {
			isa = PBXGroup;
			children = (
				42591818291054F10078DE88 /* Views */,
				42591805291053740078DE88 /* PeonyApp.swift */,
				42591809291053780078DE88 /* Assets.xcassets */,
				4259180B291053780078DE88 /* Preview Content */,
			);
			path = Peony;
			sourceTree = "<group>";
		};
		4259180B291053780078DE88 /* Preview Content */ = {
			isa = PBXGroup;
			children = (
				4259180C291053780078DE88 /* Preview Assets.xcassets */,
			);
			path = "Preview Content";
			sourceTree = "<group>";
		};
		42591818291054F10078DE88 /* Views */ = {
			isa = PBXGroup;
			children = (
				42591819291055030078DE88 /* ImageView.swift */,
				422049E52911002A00FED073 /* ImageMenuView.swift */,
				42591807291053740078DE88 /* ContentView.swift */,
				4259181B291056970078DE88 /* SettingsView.swift */,
				4236AAD52911CC6E0095C97A /* MainMenuImageView.swift */,
				4259181D2910577C0078DE88 /* SelectionView.swift */,
				422049E3291093DA00FED073 /* ImageViewer.swift */,
			);
			path = Views;
			sourceTree = "<group>";
		};
/* End PBXGroup section */

/* Begin PBXNativeTarget section */
		42591801291053740078DE88 /* Peony */ = {
			isa = PBXNativeTarget;
			buildConfigurationList = 42591810291053780078DE88 /* Build configuration list for PBXNativeTarget "Peony" */;
			buildPhases = (
				425917FE291053740078DE88 /* Sources */,
				425917FF291053740078DE88 /* Frameworks */,
				42591800291053740078DE88 /* Resources */,
			);
			buildRules = (
			);
			dependencies = (
			);
			name = Peony;
			packageProductDependencies = (
				425918202910700D0078DE88 /* SDWebImageSwiftUI */,
			);
			productName = Peony;
			productReference = 42591802291053740078DE88 /* Peony.app */;
			productType = "com.apple.product-type.application";
		};
/* End PBXNativeTarget section */

/* Begin PBXProject section */
		425917FA291053740078DE88 /* Project object */ = {
			isa = PBXProject;
			attributes = {
				BuildIndependentTargetsInParallel = 1;
				KnownAssetTags = (
					New,
				);
				LastSwiftUpdateCheck = 1400;
				LastUpgradeCheck = 1400;
				TargetAttributes = {
					42591801291053740078DE88 = {
						CreatedOnToolsVersion = 14.0;
					};
				};
			};
			buildConfigurationList = 425917FD291053740078DE88 /* Build configuration list for PBXProject "Peony" */;
			compatibilityVersion = "Xcode 14.0";
			developmentRegion = en;
			hasScannedForEncodings = 0;
			knownRegions = (
				en,
				Base,
			);
			mainGroup = 425917F9291053740078DE88;
			packageReferences = (
				4259181F2910700D0078DE88 /* XCRemoteSwiftPackageReference "sdwebimageswiftui" */,
			);
			productRefGroup = 42591803291053740078DE88 /* Products */;
			projectDirPath = "";
			projectRoot = "";
			targets = (
				42591801291053740078DE88 /* Peony */,
			);
		};
/* End PBXProject section */

/* Begin PBXResourcesBuildPhase section */
		42591800291053740078DE88 /* Resources */ = {
			isa = PBXResourcesBuildPhase;
			buildActionMask = 2147483647;
			files = (
				4259180D291053780078DE88 /* Preview Assets.xcassets in Resources */,
				4259180A291053780078DE88 /* Assets.xcassets in Resources */,
			);
			runOnlyForDeploymentPostprocessing = 0;
		};
/* End PBXResourcesBuildPhase section */

/* Begin PBXSourcesBuildPhase section */
		425917FE291053740078DE88 /* Sources */ = {
			isa = PBXSourcesBuildPhase;
			buildActionMask = 2147483647;
			files = (
				4259181A291055030078DE88 /* ImageView.swift in Sources */,
				4259181C291056970078DE88 /* SettingsView.swift in Sources */,
				4236AAD62911CC6E0095C97A /* MainMenuImageView.swift in Sources */,
				42591808291053740078DE88 /* ContentView.swift in Sources */,
				422049E4291093DA00FED073 /* ImageViewer.swift in Sources */,
				42591806291053740078DE88 /* PeonyApp.swift in Sources */,
				422049E62911002A00FED073 /* ImageMenuView.swift in Sources */,
				4259181E2910577C0078DE88 /* SelectionView.swift in Sources */,
			);
			runOnlyForDeploymentPostprocessing = 0;
		};
/* End PBXSourcesBuildPhase section */

/* Begin XCBuildConfiguration section */
		4259180E291053780078DE88 /* Debug */ = {
			isa = XCBuildConfiguration;
			buildSettings = {
				ALWAYS_SEARCH_USER_PATHS = NO;
				CLANG_ANALYZER_NONNULL = YES;
				CLANG_ANALYZER_NUMBER_OBJECT_CONVERSION = YES_AGGRESSIVE;
				CLANG_CXX_LANGUAGE_STANDARD = "gnu++20";
				CLANG_ENABLE_MODULES = YES;
				CLANG_ENABLE_OBJC_ARC = YES;
				CLANG_ENABLE_OBJC_WEAK = YES;
				CLANG_WARN_BLOCK_CAPTURE_AUTORELEASING = YES;
				CLANG_WARN_BOOL_CONVERSION = YES;
				CLANG_WARN_COMMA = YES;
				CLANG_WARN_CONSTANT_CONVERSION = YES;
				CLANG_WARN_DEPRECATED_OBJC_IMPLEMENTATIONS = YES;
				CLANG_WARN_DIRECT_OBJC_ISA_USAGE = YES_ERROR;
				CLANG_WARN_DOCUMENTATION_COMMENTS = YES;
				CLANG_WARN_EMPTY_BODY = YES;
				CLANG_WARN_ENUM_CONVERSION = YES;
				CLANG_WARN_INFINITE_RECURSION = YES;
				CLANG_WARN_INT_CONVERSION = YES;
				CLANG_WARN_NON_LITERAL_NULL_CONVERSION = YES;
				CLANG_WARN_OBJC_IMPLICIT_RETAIN_SELF = YES;
				CLANG_WARN_OBJC_LITERAL_CONVERSION = YES;
				CLANG_WARN_OBJC_ROOT_CLASS = YES_ERROR;
				CLANG_WARN_QUOTED_INCLUDE_IN_FRAMEWORK_HEADER = YES;
				CLANG_WARN_RANGE_LOOP_ANALYSIS = YES;
				CLANG_WARN_STRICT_PROTOTYPES = YES;
				CLANG_WARN_SUSPICIOUS_MOVE = YES;
				CLANG_WARN_UNGUARDED_AVAILABILITY = YES_AGGRESSIVE;
				CLANG_WARN_UNREACHABLE_CODE = YES;
				CLANG_WARN__DUPLICATE_METHOD_MATCH = YES;
				COPY_PHASE_STRIP = NO;
				DEBUG_INFORMATION_FORMAT = dwarf;
				ENABLE_STRICT_OBJC_MSGSEND = YES;
				ENABLE_TESTABILITY = YES;
				GCC_C_LANGUAGE_STANDARD = gnu11;
				GCC_DYNAMIC_NO_PIC = NO;
				GCC_NO_COMMON_BLOCKS = YES;
				GCC_OPTIMIZATION_LEVEL = 0;
				GCC_PREPROCESSOR_DEFINITIONS = (
					"DEBUG=1",
					"$(inherited)",
				);
				GCC_WARN_64_TO_32_BIT_CONVERSION = YES;
				GCC_WARN_ABOUT_RETURN_TYPE = YES_ERROR;
				GCC_WARN_UNDECLARED_SELECTOR = YES;
				GCC_WARN_UNINITIALIZED_AUTOS = YES_AGGRESSIVE;
				GCC_WARN_UNUSED_FUNCTION = YES;
				GCC_WARN_UNUSED_VARIABLE = YES;
				IPHONEOS_DEPLOYMENT_TARGET = 16.0;
				MTL_ENABLE_DEBUG_INFO = INCLUDE_SOURCE;
				MTL_FAST_MATH = YES;
				ONLY_ACTIVE_ARCH = YES;
				SDKROOT = iphoneos;
				SWIFT_ACTIVE_COMPILATION_CONDITIONS = DEBUG;
				SWIFT_OPTIMIZATION_LEVEL = "-Onone";
			};
			name = Debug;
		};
		4259180F291053780078DE88 /* Release */ = {
			isa = XCBuildConfiguration;
			buildSettings = {
				ALWAYS_SEARCH_USER_PATHS = NO;
				CLANG_ANALYZER_NONNULL = YES;
				CLANG_ANALYZER_NUMBER_OBJECT_CONVERSION = YES_AGGRESSIVE;
				CLANG_CXX_LANGUAGE_STANDARD = "gnu++20";
				CLANG_ENABLE_MODULES = YES;
				CLANG_ENABLE_OBJC_ARC = YES;
				CLANG_ENABLE_OBJC_WEAK = YES;
				CLANG_WARN_BLOCK_CAPTURE_AUTORELEASING = YES;
				CLANG_WARN_BOOL_CONVERSION = YES;
				CLANG_WARN_COMMA = YES;
				CLANG_WARN_CONSTANT_CONVERSION = YES;
				CLANG_WARN_DEPRECATED_OBJC_IMPLEMENTATIONS = YES;
				CLANG_WARN_DIRECT_OBJC_ISA_USAGE = YES_ERROR;
				CLANG_WARN_DOCUMENTATION_COMMENTS = YES;
				CLANG_WARN_EMPTY_BODY = YES;
				CLANG_WARN_ENUM_CONVERSION = YES;
				CLANG_WARN_INFINITE_RECURSION = YES;
				CLANG_WARN_INT_CONVERSION = YES;
				CLANG_WARN_NON_LITERAL_NULL_CONVERSION = YES;
				CLANG_WARN_OBJC_IMPLICIT_RETAIN_SELF = YES;
				CLANG_WARN_OBJC_LITERAL_CONVERSION = YES;
				CLANG_WARN_OBJC_ROOT_CLASS = YES_ERROR;
				CLANG_WARN_QUOTED_INCLUDE_IN_FRAMEWORK_HEADER = YES;
				CLANG_WARN_RANGE_LOOP_ANALYSIS = YES;
				CLANG_WARN_STRICT_PROTOTYPES = YES;
				CLANG_WARN_SUSPICIOUS_MOVE = YES;
				CLANG_WARN_UNGUARDED_AVAILABILITY = YES_AGGRESSIVE;
				CLANG_WARN_UNREACHABLE_CODE = YES;
				CLANG_WARN__DUPLICATE_METHOD_MATCH = YES;
				COPY_PHASE_STRIP = NO;
				DEBUG_INFORMATION_FORMAT = "dwarf-with-dsym";
				ENABLE_NS_ASSERTIONS = NO;
				ENABLE_STRICT_OBJC_MSGSEND = YES;
				GCC_C_LANGUAGE_STANDARD = gnu11;
				GCC_NO_COMMON_BLOCKS = YES;
				GCC_WARN_64_TO_32_BIT_CONVERSION = YES;
				GCC_WARN_ABOUT_RETURN_TYPE = YES_ERROR;
				GCC_WARN_UNDECLARED_SELECTOR = YES;
				GCC_WARN_UNINITIALIZED_AUTOS = YES_AGGRESSIVE;
				GCC_WARN_UNUSED_FUNCTION = YES;
				GCC_WARN_UNUSED_VARIABLE = YES;
				IPHONEOS_DEPLOYMENT_TARGET = 16.0;
				MTL_ENABLE_DEBUG_INFO = NO;
				MTL_FAST_MATH = YES;
				SDKROOT = iphoneos;
				SWIFT_COMPILATION_MODE = wholemodule;
				SWIFT_OPTIMIZATION_LEVEL = "-O";
				VALIDATE_PRODUCT = YES;
			};
			name = Release;
		};
		42591811291053780078DE88 /* Debug */ = {
			isa = XCBuildConfiguration;
			buildSettings = {
				ASSETCATALOG_COMPILER_APPICON_NAME = AppIcon;
				ASSETCATALOG_COMPILER_GLOBAL_ACCENT_COLOR_NAME = AccentColor;
				CODE_SIGN_STYLE = Automatic;
				CURRENT_PROJECT_VERSION = 1;
				DEVELOPMENT_ASSET_PATHS = "\"Peony/Preview Content\"";
				DEVELOPMENT_TEAM = 6CK2YMN2Q5;
				ENABLE_PREVIEWS = YES;
				GENERATE_INFOPLIST_FILE = YES;
				INFOPLIST_KEY_UIApplicationSceneManifest_Generation = YES;
				INFOPLIST_KEY_UIApplicationSupportsIndirectInputEvents = YES;
				INFOPLIST_KEY_UILaunchScreen_Generation = YES;
				INFOPLIST_KEY_UISupportedInterfaceOrientations_iPad = "UIInterfaceOrientationPortrait UIInterfaceOrientationPortraitUpsideDown UIInterfaceOrientationLandscapeLeft UIInterfaceOrientationLandscapeRight";
				INFOPLIST_KEY_UISupportedInterfaceOrientations_iPhone = "UIInterfaceOrientationPortrait UIInterfaceOrientationLandscapeLeft UIInterfaceOrientationLandscapeRight";
				IPHONEOS_DEPLOYMENT_TARGET = 15.0;
				LD_RUNPATH_SEARCH_PATHS = (
					"$(inherited)",
					"@executable_path/Frameworks",
				);
				MARKETING_VERSION = 1.0;
				PRODUCT_BUNDLE_IDENTIFIER = xyz.112c.rewrite.peonyagain;
				PRODUCT_NAME = "$(TARGET_NAME)";
				SWIFT_EMIT_LOC_STRINGS = YES;
				SWIFT_VERSION = 5.0;
				TARGETED_DEVICE_FAMILY = "1,2";
			};
			name = Debug;
		};
		42591812291053780078DE88 /* Release */ = {
			isa = XCBuildConfiguration;
			buildSettings = {
				ASSETCATALOG_COMPILER_APPICON_NAME = AppIcon;
				ASSETCATALOG_COMPILER_GLOBAL_ACCENT_COLOR_NAME = AccentColor;
				CODE_SIGN_STYLE = Automatic;
				CURRENT_PROJECT_VERSION = 1;
				DEVELOPMENT_ASSET_PATHS = "\"Peony/Preview Content\"";
				DEVELOPMENT_TEAM = 6CK2YMN2Q5;
				ENABLE_PREVIEWS = YES;
				GENERATE_INFOPLIST_FILE = YES;
				INFOPLIST_KEY_UIApplicationSceneManifest_Generation = YES;
				INFOPLIST_KEY_UIApplicationSupportsIndirectInputEvents = YES;
				INFOPLIST_KEY_UILaunchScreen_Generation = YES;
				INFOPLIST_KEY_UISupportedInterfaceOrientations_iPad = "UIInterfaceOrientationPortrait UIInterfaceOrientationPortraitUpsideDown UIInterfaceOrientationLandscapeLeft UIInterfaceOrientationLandscapeRight";
				INFOPLIST_KEY_UISupportedInterfaceOrientations_iPhone = "UIInterfaceOrientationPortrait UIInterfaceOrientationLandscapeLeft UIInterfaceOrientationLandscapeRight";
				IPHONEOS_DEPLOYMENT_TARGET = 15.0;
				LD_RUNPATH_SEARCH_PATHS = (
					"$(inherited)",
					"@executable_path/Frameworks",
				);
				MARKETING_VERSION = 1.0;
				PRODUCT_BUNDLE_IDENTIFIER = xyz.112c.rewrite.peonyagain;
				PRODUCT_NAME = "$(TARGET_NAME)";
				SWIFT_EMIT_LOC_STRINGS = YES;
				SWIFT_VERSION = 5.0;
				TARGETED_DEVICE_FAMILY = "1,2";
			};
			name = Release;
		};
/* End XCBuildConfiguration section */

/* Begin XCConfigurationList section */
		425917FD291053740078DE88 /* Build configuration list for PBXProject "Peony" */ = {
			isa = XCConfigurationList;
			buildConfigurations = (
				4259180E291053780078DE88 /* Debug */,
				4259180F291053780078DE88 /* Release */,
			);
			defaultConfigurationIsVisible = 0;
			defaultConfigurationName = Release;
		};
		42591810291053780078DE88 /* Build configuration list for PBXNativeTarget "Peony" */ = {
			isa = XCConfigurationList;
			buildConfigurations = (
				42591811291053780078DE88 /* Debug */,
				42591812291053780078DE88 /* Release */,
			);
			defaultConfigurationIsVisible = 0;
			defaultConfigurationName = Release;
		};
/* End XCConfigurationList section */

/* Begin XCRemoteSwiftPackageReference section */
		4259181F2910700D0078DE88 /* XCRemoteSwiftPackageReference "sdwebimageswiftui" */ = {
			isa = XCRemoteSwiftPackageReference;
			repositoryURL = "https://github.com/sdwebimage/sdwebimageswiftui";
			requirement = {
				branch = master;
				kind = branch;
			};
		};
/* End XCRemoteSwiftPackageReference section */

/* Begin XCSwiftPackageProductDependency section */
		425918202910700D0078DE88 /* SDWebImageSwiftUI */ = {
			isa = XCSwiftPackageProductDependency;
			package = 4259181F2910700D0078DE88 /* XCRemoteSwiftPackageReference "sdwebimageswiftui" */;
			productName = SDWebImageSwiftUI;
		};
/* End XCSwiftPackageProductDependency section */
	};
	rootObject = 425917FA291053740078DE88 /* Project object */;
}
